
Microsoft Visual Studio Solution File, Format Version 12.00
# Visual Studio Version 17
VisualStudioVersion = 17.5.002.0
MinimumVisualStudioVersion = 10.0.40219.1
Project("{9A19103F-16F7-4668-BE54-9A1E7A4F7556}") = "Basics", "Basics.csproj", "{AF687058-650A-4758-8C3D-85FCE461A7DD}"
EndProject
Global
	GlobalSection(SolutionConfigurationPlatforms) = preSolution
		Debug|Any CPU = Debug|Any CPU
		Release|Any CPU = Release|Any CPU
	EndGlobalSection
	GlobalSection(ProjectConfigurationPlatforms) = postSolution
		{AF687058-650A-4758-8C3D-85FCE461A7DD}.Debug|Any CPU.ActiveCfg = Debug|Any CPU
		{AF687058-650A-4758-8C3D-85FCE461A7DD}.Debug|Any CPU.Build.0 = Debug|Any CPU
		{AF687058-650A-4758-8C3D-85FCE461A7DD}.Release|Any CPU.ActiveCfg = Release|Any CPU
		{AF687058-650A-4758-8C3D-85FCE461A7DD}.Release|Any CPU.Build.0 = Release|Any CPU
	EndGlobalSection
	GlobalSection(SolutionProperties) = preSolution
		HideSolutionNode = FALSE
	EndGlobalSection
	GlobalSection(ExtensibilityGlobals) = postSolution
		SolutionGuid = {B65C0F72-97BD-47CE-841D-6E3B387A1A5E}
	EndGlobalSection
EndGlobal
